
Microsoft Visual Studio Solution File, Format Version 12.00
# Visual Studio 15
VisualStudioVersion = 15.0.28307.421
MinimumVisualStudioVersion = 10.0.40219.1
Project("{FAE04EC0-301F-11D3-BF4B-00C04F79EFBC}") = "SampleServiceForRMS", "SampleServiceForRMS\SampleServiceForRMS.csproj", "{622EED0F-F071-4FDF-9926-FF5EC521A8E2}"
EndProject
Global
	GlobalSection(SolutionConfigurationPlatforms) = preSolution
		Debug|Any CPU = Debug|Any CPU
		Release|Any CPU = Release|Any CPU
	EndGlobalSection
	GlobalSection(ProjectConfigurationPlatforms) = postSolution
		{622EED0F-F071-4FDF-9926-FF5EC521A8E2}.Debug|Any CPU.ActiveCfg = Debug|Any CPU
		{622EED0F-F071-4FDF-9926-FF5EC521A8E2}.Debug|Any CPU.Build.0 = Debug|Any CPU
		{622EED0F-F071-4FDF-9926-FF5EC521A8E2}.Release|Any CPU.ActiveCfg = Release|Any CPU
		{622EED0F-F071-4FDF-9926-FF5EC521A8E2}.Release|Any CPU.Build.0 = Release|Any CPU
	EndGlobalSection
	GlobalSection(SolutionProperties) = preSolution
		HideSolutionNode = FALSE
	EndGlobalSection
	GlobalSection(ExtensibilityGlobals) = postSolution
		SolutionGuid = {A64CAAB7-7665-4C22-8398-44A8A51EF641}
	EndGlobalSection
EndGlobal
